# This file is automatically @generated by Cargo.
# It is not intended for manual editing.
version = 4

[[package]]
name = "clap-sys"
version = "0.5.0"
source = "registry+https://github.com/rust-lang/crates.io-index"
checksum = "a76abbdb2907f6fd97fb6bc0b7be96b77d328f2dd9669d1075cc03369ed22154"

[[package]]
name = "com-scrape-types"
version = "0.1.1"
source = "registry+https://github.com/rust-lang/crates.io-index"
checksum = "5ce183b975b8fc736a20919c4002717255fbd867df575c792aeefa9a56a73ad0"

[[package]]
name = "vst3"
version = "0.3.0"
source = "registry+https://github.com/rust-lang/crates.io-index"
checksum = "e31e3fe7a6f028ded8c5a9984cf283319e6dc63572c9b71da1d4ee9d71d3b6bf"
dependencies = [
 "com-scrape-types",
]

[[package]]
name = "windfall-test-plugins"
version = "0.1.0"
dependencies = [
 "clap-sys",
 "vst3",
 "windows-sys",
]

[[package]]
name = "windows-link"
version = "0.2.1"
source = "registry+https://github.com/rust-lang/crates.io-index"
checksum = "f0805222e57f7521d6a62e36fa9163bc891acd422f971defe97d64e70d0a4fe5"

[[package]]
name = "windows-sys"
version = "0.61.2"
source = "registry+https://github.com/rust-lang/crates.io-index"
checksum = "ae137229bcbd6cdf0f7b80a31df61766145077ddf49416a728b02cb3921ff3fc"
dependencies = [
 "windows-link",
]
